
Microsoft Visual Studio Solution File, Format Version 12.00
Project("{FAE04EC0-301F-11D3-BF4B-00C04F79EFBC}") = "TextPrivacy.SensitiveString.HotChocolate", "src\TextPrivacy.SensitiveString.HotChocolate\TextPrivacy.SensitiveString.HotChocolate.csproj", "{EA5EA98A-75F8-422F-8858-F9857075584E}"
EndProject
Project("{2150E333-8FDC-42A3-9474-1A3956D46DE8}") = "src", "src", "{21EB174C-CED8-40DB-AD4E-E3BF9D9D3EC7}"
EndProject
Project("{FAE04EC0-301F-11D3-BF4B-00C04F79EFBC}") = "TextPrivacy.SensitiveString.HotChocolate.Examples", "src\TextPrivacy.SensitiveString.HotChocolate.Examples\TextPrivacy.SensitiveString.HotChocolate.Examples.csproj", "{D9513782-056F-4A90-8DC4-986DB0B4D492}"
EndProject
Project("{2150E333-8FDC-42A3-9474-1A3956D46DE8}") = "test", "test", "{0C88DD14-F956-CE84-757C-A364CCF449FC}"
EndProject
Project("{FAE04EC0-301F-11D3-BF4B-00C04F79EFBC}") = "TextPrivacy.SensitiveString.HotChocolate.Tests", "test\TextPrivacy.SensitiveString.HotChocolate.Tests\TextPrivacy.SensitiveString.HotChocolate.Tests.csproj", "{8BD01461-B551-4CEB-B3D0-638A889EED40}"
EndProject
Global
	GlobalSection(SolutionConfigurationPlatforms) = preSolution
		Debug|Any CPU = Debug|Any CPU
		Debug|x64 = Debug|x64
		Debug|x86 = Debug|x86
		Release|Any CPU = Release|Any CPU
		Release|x64 = Release|x64
		Release|x86 = Release|x86
	EndGlobalSection
	GlobalSection(ProjectConfigurationPlatforms) = postSolution
		{EA5EA98A-75F8-422F-8858-F9857075584E}.Debug|Any CPU.ActiveCfg = Debug|Any CPU
		{EA5EA98A-75F8-422F-8858-F9857075584E}.Debug|Any CPU.Build.0 = Debug|Any CPU
		{EA5EA98A-75F8-422F-8858-F9857075584E}.Debug|x64.ActiveCfg = Debug|Any CPU
		{EA5EA98A-75F8-422F-8858-F9857075584E}.Debug|x64.Build.0 = Debug|Any CPU
		{EA5EA98A-75F8-422F-8858-F9857075584E}.Debug|x86.ActiveCfg = Debug|Any CPU
		{EA5EA98A-75F8-422F-8858-F9857075584E}.Debug|x86.Build.0 = Debug|Any CPU
		{EA5EA98A-75F8-422F-8858-F9857075584E}.Release|Any CPU.ActiveCfg = Release|Any CPU
		{EA5EA98A-75F8-422F-8858-F9857075584E}.Release|Any CPU.Build.0 = Release|Any CPU
		{EA5EA98A-75F8-422F-8858-F9857075584E}.Release|x64.ActiveCfg = Release|Any CPU
		{EA5EA98A-75F8-422F-8858-F9857075584E}.Release|x64.Build.0 = Release|Any CPU
		{EA5EA98A-75F8-422F-8858-F9857075584E}.Release|x86.ActiveCfg = Release|Any CPU
		{EA5EA98A-75F8-422F-8858-F9857075584E}.Release|x86.Build.0 = Release|Any CPU
		{D9513782-056F-4A90-8DC4-986DB0B4D492}.Debug|Any CPU.ActiveCfg = Debug|Any CPU
		{D9513782-056F-4A90-8DC4-986DB0B4D492}.Debug|Any CPU.Build.0 = Debug|Any CPU
		{D9513782-056F-4A90-8DC4-986DB0B4D492}.Debug|x64.ActiveCfg = Debug|Any CPU
		{D9513782-056F-4A90-8DC4-986DB0B4D492}.Debug|x64.Build.0 = Debug|Any CPU
		{D9513782-056F-4A90-8DC4-986DB0B4D492}.Debug|x86.ActiveCfg = Debug|Any CPU
		{D9513782-056F-4A90-8DC4-986DB0B4D492}.Debug|x86.Build.0 = Debug|Any CPU
		{D9513782-056F-4A90-8DC4-986DB0B4D492}.Release|Any CPU.ActiveCfg = Release|Any CPU
		{D9513782-056F-4A90-8DC4-986DB0B4D492}.Release|Any CPU.Build.0 = Release|Any CPU
		{D9513782-056F-4A90-8DC4-986DB0B4D492}.Release|x64.ActiveCfg = Release|Any CPU
		{D9513782-056F-4A90-8DC4-986DB0B4D492}.Release|x64.Build.0 = Release|Any CPU
		{D9513782-056F-4A90-8DC4-986DB0B4D492}.Release|x86.ActiveCfg = Release|Any CPU
		{D9513782-056F-4A90-8DC4-986DB0B4D492}.Release|x86.Build.0 = Release|Any CPU
		{8BD01461-B551-4CEB-B3D0-638A889EED40}.Debug|Any CPU.ActiveCfg = Debug|Any CPU
		{8BD01461-B551-4CEB-B3D0-638A889EED40}.Debug|Any CPU.Build.0 = Debug|Any CPU
		{8BD01461-B551-4CEB-B3D0-638A889EED40}.Debug|x64.ActiveCfg = Debug|Any CPU
		{8BD01461-B551-4CEB-B3D0-638A889EED40}.Debug|x64.Build.0 = Debug|Any CPU
		{8BD01461-B551-4CEB-B3D0-638A889EED40}.Debug|x86.ActiveCfg = Debug|Any CPU
		{8BD01461-B551-4CEB-B3D0-638A889EED40}.Debug|x86.Build.0 = Debug|Any CPU
		{8BD01461-B551-4CEB-B3D0-638A889EED40}.Release|Any CPU.ActiveCfg = Release|Any CPU
		{8BD01461-B551-4CEB-B3D0-638A889EED40}.Release|Any CPU.Build.0 = Release|Any CPU
		{8BD01461-B551-4CEB-B3D0-638A889EED40}.Release|x64.ActiveCfg = Release|Any CPU
		{8BD01461-B551-4CEB-B3D0-638A889EED40}.Release|x64.Build.0 = Release|Any CPU
		{8BD01461-B551-4CEB-B3D0-638A889EED40}.Release|x86.ActiveCfg = Release|Any CPU
		{8BD01461-B551-4CEB-B3D0-638A889EED40}.Release|x86.Build.0 = Release|Any CPU
	EndGlobalSection
	GlobalSection(SolutionProperties) = preSolution
		HideSolutionNode = FALSE
	EndGlobalSection
	GlobalSection(NestedProjects) = preSolution
		{EA5EA98A-75F8-422F-8858-F9857075584E} = {21EB174C-CED8-40DB-AD4E-E3BF9D9D3EC7}
		{D9513782-056F-4A90-8DC4-986DB0B4D492} = {21EB174C-CED8-40DB-AD4E-E3BF9D9D3EC7}
		{8BD01461-B551-4CEB-B3D0-638A889EED40} = {0C88DD14-F956-CE84-757C-A364CCF449FC}
	EndGlobalSection
EndGlobal
